
Microsoft Visual Studio Solution File, Format Version 12.00
# Visual Studio Version 16
VisualStudioVersion = 16.0.30804.86
MinimumVisualStudioVersion = 10.0.40219.1
Project("{9A19103F-16F7-4668-BE54-9A1E7A4F7556}") = "Contentful.ModelGenerator.Cli", "src\Contentful.ModelGenerator.Cli\Contentful.ModelGenerator.Cli.csproj", "{99D3ADFA-53D8-4843-A3BF-99A69A12D61D}"
EndProject
Project("{2150E333-8FDC-42A3-9474-1A3956D46DE8}") = "Solution Items", "Solution Items", "{2465AC02-C149-4237-A250-A309F734DDCD}"
	ProjectSection(SolutionItems) = preProject
		.editorconfig = .editorconfig
		README.md = README.md
	EndProjectSection
EndProject
Global
	GlobalSection(SolutionConfigurationPlatforms) = preSolution
		Debug|Any CPU = Debug|Any CPU
		Release|Any CPU = Release|Any CPU
	EndGlobalSection
	GlobalSection(ProjectConfigurationPlatforms) = postSolution
		{99D3ADFA-53D8-4843-A3BF-99A69A12D61D}.Debug|Any CPU.ActiveCfg = Debug|Any CPU
		{99D3ADFA-53D8-4843-A3BF-99A69A12D61D}.Debug|Any CPU.Build.0 = Debug|Any CPU
		{99D3ADFA-53D8-4843-A3BF-99A69A12D61D}.Release|Any CPU.ActiveCfg = Release|Any CPU
		{99D3ADFA-53D8-4843-A3BF-99A69A12D61D}.Release|Any CPU.Build.0 = Release|Any CPU
	EndGlobalSection
	GlobalSection(SolutionProperties) = preSolution
		HideSolutionNode = FALSE
	EndGlobalSection
	GlobalSection(ExtensibilityGlobals) = postSolution
		SolutionGuid = {BB8D4E8D-D535-4341-B0F6-AD467EA2739A}
	EndGlobalSection
EndGlobal
